
Microsoft Visual Studio Solution File, Format Version 12.00
# Visual Studio Version 16
VisualStudioVersion = 16.0.29709.97
MinimumVisualStudioVersion = 10.0.40219.1
Project("{8BC9CEB8-8B4A-11D0-8D11-00A0C91BC942}") = "tab-space", "tab-space.vcxproj", "{F81E14E3-A3CA-48B2-8F02-48D310E3354F}"
EndProject
Global
	GlobalSection(SolutionConfigurationPlatforms) = preSolution
		debug|x64 = debug|x64
		release|x64 = release|x64
	EndGlobalSection
	GlobalSection(ProjectConfigurationPlatforms) = postSolution
		{F81E14E3-A3CA-48B2-8F02-48D310E3354F}.debug|x64.ActiveCfg = debug|x64
		{F81E14E3-A3CA-48B2-8F02-48D310E3354F}.debug|x64.Build.0 = debug|x64
		{F81E14E3-A3CA-48B2-8F02-48D310E3354F}.release|x64.ActiveCfg = debug|x64
		{F81E14E3-A3CA-48B2-8F02-48D310E3354F}.release|x64.Build.0 = debug|x64
	EndGlobalSection
	GlobalSection(SolutionProperties) = preSolution
		HideSolutionNode = FALSE
	EndGlobalSection
	GlobalSection(ExtensibilityGlobals) = postSolution
		SolutionGuid = {ED0EB6AF-87BB-492D-8F8F-37026E5EFEDD}
	EndGlobalSection
EndGlobal
