<?xml version="1.0" encoding="utf-8"?>
<Project ToolsVersion="4.0" xmlns="http://schemas.microsoft.com/developer/msbuild/2003">
  <ItemGroup>
    <Filter Include="rc">
      <UniqueIdentifier>{8e5e8c64-33c7-4217-abdf-61594a0d1d70}</UniqueIdentifier>
    </Filter>
    <Filter Include="src">
      <UniqueIdentifier>{5f0a92d9-f2ac-45f4-a112-7fa27aa738bc}</UniqueIdentifier>
    </Filter>
  </ItemGroup>
  <ItemGroup>
    <None Include="..\.gitignore" />
    <None Include="..\readme.md" />
  </ItemGroup>
  <ItemGroup>
    <ClCompile Include="..\src\simple_app.cc">
      <Filter>src</Filter>
    </ClCompile>
    <ClCompile Include="..\src\simple_handler.cc">
      <Filter>src</Filter>
    </ClCompile>
    <ClCompile Include="..\src\simple_handler_win.cc">
      <Filter>src</Filter>
    </ClCompile>
    <ClCompile Include="..\src\main.cc">
      <Filter>src</Filter>
    </ClCompile>
  </ItemGroup>
  <ItemGroup>
    <ClInclude Include="..\src\simple_app.h">
      <Filter>src</Filter>
    </ClInclude>
    <ClInclude Include="..\src\simple_handler.h">
      <Filter>src</Filter>
    </ClInclude>
  </ItemGroup>
</Project>