
Microsoft Visual Studio Solution File, Format Version 12.00
# Visual Studio Version 16
VisualStudioVersion = 16.0.29709.97
MinimumVisualStudioVersion = 10.0.40219.1
Project("{8BC9CEB8-8B4A-11D0-8D11-00A0C91BC942}") = "tab-space", "tab-space.vcxproj", "{46F8666A-A116-300B-8BCE-65DD911EB138}"
EndProject
Global
	GlobalSection(SolutionConfigurationPlatforms) = preSolution
		debug|x64 = debug|x64
		release|x64 = release|x64
	EndGlobalSection
	GlobalSection(ProjectConfigurationPlatforms) = postSolution
		{46F8666A-A116-300B-8BCE-65DD911EB138}.debug|x64.ActiveCfg = Debug|x64
		{46F8666A-A116-300B-8BCE-65DD911EB138}.debug|x64.Build.0 = Debug|x64
		{46F8666A-A116-300B-8BCE-65DD911EB138}.release|x64.ActiveCfg = Release|x64
		{46F8666A-A116-300B-8BCE-65DD911EB138}.release|x64.Build.0 = Release|x64
	EndGlobalSection
	GlobalSection(SolutionProperties) = preSolution
		HideSolutionNode = FALSE
	EndGlobalSection
	GlobalSection(ExtensibilityGlobals) = postSolution
		SolutionGuid = {ED0EB6AF-87BB-492D-8F8F-37026E5EFEDD}
	EndGlobalSection
EndGlobal
